
Microsoft Visual Studio Solution File, Format Version 12.00
# Visual Studio Version 17
VisualStudioVersion = 17.10.35027.167
MinimumVisualStudioVersion = 10.0.40219.1
Project("{FAE04EC0-301F-11D3-BF4B-00C04F79EFBC}") = "CoverLetterAI.Api", "CoverLetterAI.Api\CoverLetterAI.Api.csproj", "{2DA6CD0E-8E9A-473D-B7AE-84B7A6AB98A0}"
EndProject
Project("{FAE04EC0-301F-11D3-BF4B-00C04F79EFBC}") = "CoverLetterAI.Web", "CoverLetterAI.Web\CoverLetterAI.Web.csproj", "{39A8106D-5123-4C18-BEF4-BBA29B6752B3}"
EndProject
Project("{FAE04EC0-301F-11D3-BF4B-00C04F79EFBC}") = "CoverLetterAI.Service", "CoverLetterAI.Service\CoverLetterAI.Service.csproj", "{4F58A0B0-CC71-4646-8F82-F402D2E979AA}"
EndProject
Global
	GlobalSection(SolutionConfigurationPlatforms) = preSolution
		Debug|Any CPU = Debug|Any CPU
		Release|Any CPU = Release|Any CPU
	EndGlobalSection
	GlobalSection(ProjectConfigurationPlatforms) = postSolution
		{2DA6CD0E-8E9A-473D-B7AE-84B7A6AB98A0}.Debug|Any CPU.ActiveCfg = Debug|Any CPU
		{2DA6CD0E-8E9A-473D-B7AE-84B7A6AB98A0}.Debug|Any CPU.Build.0 = Debug|Any CPU
		{2DA6CD0E-8E9A-473D-B7AE-84B7A6AB98A0}.Release|Any CPU.ActiveCfg = Release|Any CPU
		{2DA6CD0E-8E9A-473D-B7AE-84B7A6AB98A0}.Release|Any CPU.Build.0 = Release|Any CPU
		{39A8106D-5123-4C18-BEF4-BBA29B6752B3}.Debug|Any CPU.ActiveCfg = Debug|Any CPU
		{39A8106D-5123-4C18-BEF4-BBA29B6752B3}.Debug|Any CPU.Build.0 = Debug|Any CPU
		{39A8106D-5123-4C18-BEF4-BBA29B6752B3}.Release|Any CPU.ActiveCfg = Release|Any CPU
		{39A8106D-5123-4C18-BEF4-BBA29B6752B3}.Release|Any CPU.Build.0 = Release|Any CPU
		{4F58A0B0-CC71-4646-8F82-F402D2E979AA}.Debug|Any CPU.ActiveCfg = Debug|Any CPU
		{4F58A0B0-CC71-4646-8F82-F402D2E979AA}.Debug|Any CPU.Build.0 = Debug|Any CPU
		{4F58A0B0-CC71-4646-8F82-F402D2E979AA}.Release|Any CPU.ActiveCfg = Release|Any CPU
		{4F58A0B0-CC71-4646-8F82-F402D2E979AA}.Release|Any CPU.Build.0 = Release|Any CPU
	EndGlobalSection
	GlobalSection(SolutionProperties) = preSolution
		HideSolutionNode = FALSE
	EndGlobalSection
	GlobalSection(ExtensibilityGlobals) = postSolution
		SolutionGuid = {0D4253CD-574E-4EC7-9E6C-228197B469C1}
	EndGlobalSection
EndGlobal
